
Microsoft Visual Studio Solution File, Format Version 12.00
# Visual Studio Version 17
VisualStudioVersion = 17.4.33103.184
MinimumVisualStudioVersion = 10.0.40219.1
Project("{FAE04EC0-301F-11D3-BF4B-00C04F79EFBC}") = "Module1-AssignmentB", "Module1-AssignmentB\Module1-AssignmentB.csproj", "{A09FFBD7-21D7-43C5-8676-722E58567077}"
EndProject
Global
	GlobalSection(SolutionConfigurationPlatforms) = preSolution
		Debug|Any CPU = Debug|Any CPU
		Release|Any CPU = Release|Any CPU
	EndGlobalSection
	GlobalSection(ProjectConfigurationPlatforms) = postSolution
		{A09FFBD7-21D7-43C5-8676-722E58567077}.Debug|Any CPU.ActiveCfg = Debug|Any CPU
		{A09FFBD7-21D7-43C5-8676-722E58567077}.Debug|Any CPU.Build.0 = Debug|Any CPU
		{A09FFBD7-21D7-43C5-8676-722E58567077}.Release|Any CPU.ActiveCfg = Release|Any CPU
		{A09FFBD7-21D7-43C5-8676-722E58567077}.Release|Any CPU.Build.0 = Release|Any CPU
	EndGlobalSection
	GlobalSection(SolutionProperties) = preSolution
		HideSolutionNode = FALSE
	EndGlobalSection
	GlobalSection(ExtensibilityGlobals) = postSolution
		SolutionGuid = {3D951834-0C0E-4BA5-96FA-DEF2D2E48BF2}
	EndGlobalSection
EndGlobal
